PODS:
  - connectivity_plus (0.0.1):
    - Flutter
    - ReachabilitySwift
  - Flutter (1.0.0)
  - flutter_image_compress_common (1.0.0):
    - Flutter
    - Mantle
    - SDWebImage
    - SDWebImageWebPCoder
  - flutter_secure_storage (6.0.0):
    - Flutter
  - FMDB (2.7.9):
    - FMDB/standard (= 2.7.9)
  - FMDB/standard (2.7.9)
  - google_maps_flutter_ios (0.0.1):
    - Flutter
    - GoogleMaps (< 9.0)
  - GoogleMaps (7.4.0):
    - GoogleMaps/Maps (= 7.4.0)
  - GoogleMaps/Base (7.4.0)
  - GoogleMaps/Maps (7.4.0):
    - GoogleMaps/Base
  - image_picker_ios (0.0.1):
    - Flutter
  - libwebp (1.3.2):
    - libwebp/demux (= 1.3.2)
    - libwebp/mux (= 1.3.2)
    - libwebp/sharpyuv (= 1.3.2)
    - libwebp/webp (= 1.3.2)
  - libwebp/demux (1.3.2):
    - libwebp/webp
  - libwebp/mux (1.3.2):
    - libwebp/demux
  - libwebp/sharpyuv (1.3.2)
  - libwebp/webp (1.3.2):
    - libwebp/sharpyuv
  - location (0.0.1):
    - Flutter
  - Mantle (2.2.0):
    - Mantle/extobjc (= 2.2.0)
  - Mantle/extobjc (2.2.0)
  - package_info (0.0.1):
    - Flutter
  - package_info_plus (0.4.5):
    - Flutter
  - path_provider_foundation (0.0.1):
    - Flutter
    - FlutterMacOS
  - ReachabilitySwift (5.2.1)
  - SDWebImage (5.19.0):
    - SDWebImage/Core (= 5.19.0)
  - SDWebImage/Core (5.19.0)
  - SDWebImageWebPCoder (0.14.5):
    - libwebp (~> 1.0)
    - SDWebImage/Core (~> 5.17)
  - Sentry/HybridSDK (8.21.0):
    - SentryPrivate (= 8.21.0)
  - sentry_flutter (0.0.1):
    - Flutter
    - FlutterMacOS
    - Sentry/HybridSDK (= 8.21.0)
  - SentryPrivate (8.21.0)
  - share (0.0.1):
    - Flutter
  - shared_preferences_foundation (0.0.1):
    - Flutter
    - FlutterMacOS
  - sqflite (0.0.3):
    - Flutter
    - FMDB (>= 2.7.5)
  - url_launcher_ios (0.0.1):
    - Flutter

DEPENDENCIES:
  - connectivity_plus (from `.symlinks/plugins/connectivity_plus/ios`)
  - Flutter (from `Flutter`)
  - flutter_image_compress_common (from `.symlinks/plugins/flutter_image_compress_common/ios`)
  - flutter_secure_storage (from `.symlinks/plugins/flutter_secure_storage/ios`)
  - google_maps_flutter_ios (from `.symlinks/plugins/google_maps_flutter_ios/ios`)
  - image_picker_ios (from `.symlinks/plugins/image_picker_ios/ios`)
  - location (from `.symlinks/plugins/location/ios`)
  - package_info (from `.symlinks/plugins/package_info/ios`)
  - package_info_plus (from `.symlinks/plugins/package_info_plus/ios`)
  - path_provider_foundation (from `.symlinks/plugins/path_provider_foundation/darwin`)
  - sentry_flutter (from `.symlinks/plugins/sentry_flutter/ios`)
  - share (from `.symlinks/plugins/share/ios`)
  - shared_preferences_foundation (from `.symlinks/plugins/shared_preferences_foundation/darwin`)
  - sqflite (from `.symlinks/plugins/sqflite/ios`)
  - url_launcher_ios (from `.symlinks/plugins/url_launcher_ios/ios`)

SPEC REPOS:
  trunk:
    - FMDB
    - GoogleMaps
    - libwebp
    - Mantle
    - ReachabilitySwift
    - SDWebImage
    - SDWebImageWebPCoder
    - Sentry
    - SentryPrivate

EXTERNAL SOURCES:
  connectivity_plus:
    :path: ".symlinks/plugins/connectivity_plus/ios"
  Flutter:
    :path: Flutter
  flutter_image_compress_common:
    :path: ".symlinks/plugins/flutter_image_compress_common/ios"
  flutter_secure_storage:
    :path: ".symlinks/plugins/flutter_secure_storage/ios"
  google_maps_flutter_ios:
    :path: ".symlinks/plugins/google_maps_flutter_ios/ios"
  image_picker_ios:
    :path: ".symlinks/plugins/image_picker_ios/ios"
  location:
    :path: ".symlinks/plugins/location/ios"
  package_info:
    :path: ".symlinks/plugins/package_info/ios"
  package_info_plus:
    :path: ".symlinks/plugins/package_info_plus/ios"
  path_provider_foundation:
    :path: ".symlinks/plugins/path_provider_foundation/darwin"
  sentry_flutter:
    :path: ".symlinks/plugins/sentry_flutter/ios"
  share:
    :path: ".symlinks/plugins/share/ios"
  shared_preferences_foundation:
    :path: ".symlinks/plugins/shared_preferences_foundation/darwin"
  sqflite:
    :path: ".symlinks/plugins/sqflite/ios"
  url_launcher_ios:
    :path: ".symlinks/plugins/url_launcher_ios/ios"

SPEC CHECKSUMS:
  connectivity_plus: 07c49e96d7fc92bc9920617b83238c4d178b446a
  Flutter: e0871f40cf51350855a761d2e70bf5af5b9b5de7
  flutter_image_compress_common: ec1d45c362c9d30a3f6a0426c297f47c52007e3e
  flutter_secure_storage: 23fc622d89d073675f2eaa109381aefbcf5a49be
  FMDB: aa44149f6fb634b1ac54f64f47064bb0d0c5a032
  google_maps_flutter_ios: f135b968a67c05679e0a53538e900b5c174b0d99
  GoogleMaps: 032f676450ba0779bd8ce16840690915f84e57ac
  image_picker_ios: 4a8aadfbb6dc30ad5141a2ce3832af9214a705b5
  libwebp: 1786c9f4ff8a279e4dac1e8f385004d5fc253009
  location: d5cf8598915965547c3f36761ae9cc4f4e87d22e
  Mantle: c5aa8794a29a022dfbbfc9799af95f477a69b62d
  package_info: 873975fc26034f0b863a300ad47e7f1ac6c7ec62
  package_info_plus: 115f4ad11e0698c8c1c5d8a689390df880f47e85
  path_provider_foundation: 3784922295ac71e43754bd15e0653ccfd36a147c
  ReachabilitySwift: 5ae15e16814b5f9ef568963fb2c87aeb49158c66
  SDWebImage: 981fd7e860af070920f249fd092420006014c3eb
  SDWebImageWebPCoder: c94f09adbca681822edad9e532ac752db713eabf
  Sentry: ebc12276bd17613a114ab359074096b6b3725203
  sentry_flutter: dff1df05dc39c83d04f9330b36360fc374574c5e
  SentryPrivate: d651efb234cf385ec9a1cdd3eff94b5e78a0e0fe
  share: 0b2c3e82132f5888bccca3351c504d0003b3b410
  shared_preferences_foundation: 5b919d13b803cadd15ed2dc053125c68730e5126
  sqflite: 31f7eba61e3074736dff8807a9b41581e4f7f15a
  url_launcher_ios: bbd758c6e7f9fd7b5b1d4cde34d2b95fcce5e812

PODFILE CHECKSUM: cc1f88378b4bfcf93a6ce00d2c587857c6008d3b

COCOAPODS: 1.15.2
