PODS:
  - connectivity_plus (0.0.1):
    - Flutter
    - ReachabilitySwift
  - Flutter (1.0.0)
  - flutter_image_compress_common (1.0.0):
    - Flutter
    - Mantle
    - SDWebImage
    - SDWebImageWebPCoder
  - flutter_secure_storage (6.0.0):
    - Flutter
  - FMDB (2.7.5):
    - FMDB/standard (= 2.7.5)
  - FMDB/standard (2.7.5)
  - google_maps_flutter_ios (0.0.1):
    - Flutter
    - GoogleMaps (< 8.0)
  - GoogleMaps (4.2.0):
    - GoogleMaps/Maps (= 4.2.0)
  - GoogleMaps/Base (4.2.0)
  - GoogleMaps/Maps (4.2.0):
    - GoogleMaps/Base
  - image_picker_ios (0.0.1):
    - Flutter
  - libwebp (1.2.4):
    - libwebp/demux (= 1.2.4)
    - libwebp/mux (= 1.2.4)
    - libwebp/webp (= 1.2.4)
  - libwebp/demux (1.2.4):
    - libwebp/webp
  - libwebp/mux (1.2.4):
    - libwebp/demux
  - libwebp/webp (1.2.4)
  - location (0.0.1):
    - Flutter
  - Mantle (2.2.0):
    - Mantle/extobjc (= 2.2.0)
  - Mantle/extobjc (2.2.0)
  - package_info (0.0.1):
    - Flutter
  - path_provider_foundation (0.0.1):
    - Flutter
    - FlutterMacOS
  - ReachabilitySwift (5.0.0)
  - SDWebImage (5.15.7):
    - SDWebImage/Core (= 5.15.7)
  - SDWebImage/Core (5.15.7)
  - SDWebImageWebPCoder (0.11.0):
    - libwebp (~> 1.0)
    - SDWebImage/Core (~> 5.15)
  - share (0.0.1):
    - Flutter
  - shared_preferences_foundation (0.0.1):
    - Flutter
    - FlutterMacOS
  - sqflite (0.0.3):
    - Flutter
    - FMDB (>= 2.7.5)
  - url_launcher_ios (0.0.1):
    - Flutter

DEPENDENCIES:
  - connectivity_plus (from `.symlinks/plugins/connectivity_plus/ios`)
  - Flutter (from `Flutter`)
  - flutter_image_compress_common (from `.symlinks/plugins/flutter_image_compress_common/ios`)
  - flutter_secure_storage (from `.symlinks/plugins/flutter_secure_storage/ios`)
  - google_maps_flutter_ios (from `.symlinks/plugins/google_maps_flutter_ios/ios`)
  - image_picker_ios (from `.symlinks/plugins/image_picker_ios/ios`)
  - location (from `.symlinks/plugins/location/ios`)
  - package_info (from `.symlinks/plugins/package_info/ios`)
  - path_provider_foundation (from `.symlinks/plugins/path_provider_foundation/darwin`)
  - share (from `.symlinks/plugins/share/ios`)
  - shared_preferences_foundation (from `.symlinks/plugins/shared_preferences_foundation/darwin`)
  - sqflite (from `.symlinks/plugins/sqflite/ios`)
  - url_launcher_ios (from `.symlinks/plugins/url_launcher_ios/ios`)

SPEC REPOS:
  trunk:
    - FMDB
    - GoogleMaps
    - libwebp
    - Mantle
    - ReachabilitySwift
    - SDWebImage
    - SDWebImageWebPCoder

EXTERNAL SOURCES:
  connectivity_plus:
    :path: ".symlinks/plugins/connectivity_plus/ios"
  Flutter:
    :path: Flutter
  flutter_image_compress_common:
    :path: ".symlinks/plugins/flutter_image_compress_common/ios"
  flutter_secure_storage:
    :path: ".symlinks/plugins/flutter_secure_storage/ios"
  google_maps_flutter_ios:
    :path: ".symlinks/plugins/google_maps_flutter_ios/ios"
  image_picker_ios:
    :path: ".symlinks/plugins/image_picker_ios/ios"
  location:
    :path: ".symlinks/plugins/location/ios"
  package_info:
    :path: ".symlinks/plugins/package_info/ios"
  path_provider_foundation:
    :path: ".symlinks/plugins/path_provider_foundation/darwin"
  share:
    :path: ".symlinks/plugins/share/ios"
  shared_preferences_foundation:
    :path: ".symlinks/plugins/shared_preferences_foundation/darwin"
  sqflite:
    :path: ".symlinks/plugins/sqflite/ios"
  url_launcher_ios:
    :path: ".symlinks/plugins/url_launcher_ios/ios"

SPEC CHECKSUMS:
  connectivity_plus: 413a8857dd5d9f1c399a39130850d02fe0feaf7e
  Flutter: f04841e97a9d0b0a8025694d0796dd46242b2854
  flutter_image_compress_common: ec1d45c362c9d30a3f6a0426c297f47c52007e3e
  flutter_secure_storage: 23fc622d89d073675f2eaa109381aefbcf5a49be
  FMDB: 2ce00b547f966261cd18927a3ddb07cb6f3db82a
  google_maps_flutter_ios: abdac20d6ce8931f6ebc5f46616df241bfaa2cfd
  GoogleMaps: eb03e327edfd70b06de1e6e321653f73712df7ad
  image_picker_ios: 4a8aadfbb6dc30ad5141a2ce3832af9214a705b5
  libwebp: f62cb61d0a484ba548448a4bd52aabf150ff6eef
  location: 3a2eed4dd2fab25e7b7baf2a9efefe82b512d740
  Mantle: c5aa8794a29a022dfbbfc9799af95f477a69b62d
  package_info: 873975fc26034f0b863a300ad47e7f1ac6c7ec62
  path_provider_foundation: eaf5b3e458fc0e5fbb9940fb09980e853fe058b8
  ReachabilitySwift: 985039c6f7b23a1da463388634119492ff86c825
  SDWebImage: 25bac438318faf37e35650619ebc288a9061d292
  SDWebImageWebPCoder: 295a6573c512f54ad2dd58098e64e17dcf008499
  share: 0b2c3e82132f5888bccca3351c504d0003b3b410
  shared_preferences_foundation: e2dae3258e06f44cc55f49d42024fd8dd03c590c
  sqflite: 31f7eba61e3074736dff8807a9b41581e4f7f15a
  url_launcher_ios: 08a3dfac5fb39e8759aeb0abbd5d9480f30fc8b4

PODFILE CHECKSUM: cc1f88378b4bfcf93a6ce00d2c587857c6008d3b

COCOAPODS: 1.12.0
